// !$*UTF8*$!
{
	archiveVersion = 1;
	classes = {
	};
	objectVersion = 50;
	objects = {

/* Begin PBXBuildFile section */
		3E30BEFB212221D100B6B822 /* AppDelegate.swift in Sources */ = {isa = PBXBuildFile; fileRef = 3E30BEFA212221D100B6B822 /* AppDelegate.swift */; };
		3E30BEFD212221D100B6B822 /* ViewController.swift in Sources */ = {isa = PBXBuildFile; fileRef = 3E30BEFC212221D100B6B822 /* ViewController.swift */; };
		3E30BF00212221D100B6B822 /* Main.storyboard in Resources */ = {isa = PBXBuildFile; fileRef = 3E30BEFE212221D100B6B822 /* Main.storyboard */; };
		3E30BF02212221D300B6B822 /* Assets.xcassets in Resources */ = {isa = PBXBuildFile; fileRef = 3E30BF01212221D300B6B822 /* Assets.xcassets */; };
		3E30BF05212221D300B6B822 /* LaunchScreen.storyboard in Resources */ = {isa = PBXBuildFile; fileRef = 3E30BF03212221D300B6B822 /* LaunchScreen.storyboard */; };
		3E30BF0D2122221300B6B822 /* Species.swift in Sources */ = {isa = PBXBuildFile; fileRef = 3E30BF0C2122221300B6B822 /* Species.swift */; };
		B5A81833B57C710682C0E60D /* Pods_SWAPI_Species.framework in Frameworks */ = {isa = PBXBuildFile; fileRef = 67C27844DD9027064EBC28CA /* Pods_SWAPI_Species.framework */; };
/* End PBXBuildFile section */

/* Begin PBXFileReference section */
		2342F24D34B2F8F610D4184D /* Pods-SWAPI-Species.release.xcconfig */ = {isa = PBXFileReference; includeInIndex = 1; lastKnownFileType = text.xcconfig; name = "Pods-SWAPI-Species.release.xcconfig"; path = "Pods/Target Support Files/Pods-SWAPI-Species/Pods-SWAPI-Species.release.xcconfig"; sourceTree = "<group>"; };
		3E30BEF7212221D100B6B822 /* SWAPI-Species.app */ = {isa = PBXFileReference; explicitFileType = wrapper.application; includeInIndex = 0; path = "SWAPI-Species.app"; sourceTree = BUILT_PRODUCTS_DIR; };
		3E30BEFA212221D100B6B822 /* AppDelegate.swift */ = {isa = PBXFileReference; lastKnownFileType = sourcecode.swift; path = AppDelegate.swift; sourceTree = "<group>"; };
		3E30BEFC212221D100B6B822 /* ViewController.swift */ = {isa = PBXFileReference; lastKnownFileType = sourcecode.swift; path = ViewController.swift; sourceTree = "<group>"; };
		3E30BEFF212221D100B6B822 /* Base */ = {isa = PBXFileReference; lastKnownFileType = file.storyboard; name = Base; path = Base.lproj/Main.storyboard; sourceTree = "<group>"; };
		3E30BF01212221D300B6B822 /* Assets.xcassets */ = {isa = PBXFileReference; lastKnownFileType = folder.assetcatalog; path = Assets.xcassets; sourceTree = "<group>"; };
		3E30BF04212221D300B6B822 /* Base */ = {isa = PBXFileReference; lastKnownFileType = file.storyboard; name = Base; path = Base.lproj/LaunchScreen.storyboard; sourceTree = "<group>"; };
		3E30BF06212221D300B6B822 /* Info.plist */ = {isa = PBXFileReference; lastKnownFileType = text.plist.xml; path = Info.plist; sourceTree = "<group>"; };
		3E30BF0C2122221300B6B822 /* Species.swift */ = {isa = PBXFileReference; lastKnownFileType = sourcecode.swift; path = Species.swift; sourceTree = "<group>"; };
		4DD37E8CB17BE0296B8E19DF /* Pods-SWAPI-Species.debug.xcconfig */ = {isa = PBXFileReference; includeInIndex = 1; lastKnownFileType = text.xcconfig; name = "Pods-SWAPI-Species.debug.xcconfig"; path = "Pods/Target Support Files/Pods-SWAPI-Species/Pods-SWAPI-Species.debug.xcconfig"; sourceTree = "<group>"; };
		67C27844DD9027064EBC28CA /* Pods_SWAPI_Species.framework */ = {isa = PBXFileReference; explicitFileType = wrapper.framework; includeInIndex = 0; path = Pods_SWAPI_Species.framework; sourceTree = BUILT_PRODUCTS_DIR; };
/* End PBXFileReference section */

/* Begin PBXFrameworksBuildPhase section */
		3E30BEF4212221D100B6B822 /* Frameworks */ = {
			isa = PBXFrameworksBuildPhase;
			buildActionMask = 2147483647;
			files = (
				B5A81833B57C710682C0E60D /* Pods_SWAPI_Species.framework in Frameworks */,
			);
			runOnlyForDeploymentPostprocessing = 0;
		};
/* End PBXFrameworksBuildPhase section */

/* Begin PBXGroup section */
		38686793D679DBE1A2BFB343 /* Frameworks */ = {
			isa = PBXGroup;
			children = (
				67C27844DD9027064EBC28CA /* Pods_SWAPI_Species.framework */,
			);
			name = Frameworks;
			sourceTree = "<group>";
		};
		3E30BEEE212221D100B6B822 = {
			isa = PBXGroup;
			children = (
				3E30BEF9212221D100B6B822 /* SWAPI-Species */,
				3E30BEF8212221D100B6B822 /* Products */,
				BC848709E93B94028BE57F43 /* Pods */,
				38686793D679DBE1A2BFB343 /* Frameworks */,
			);
			sourceTree = "<group>";
		};
		3E30BEF8212221D100B6B822 /* Products */ = {
			isa = PBXGroup;
			children = (
				3E30BEF7212221D100B6B822 /* SWAPI-Species.app */,
			);
			name = Products;
			sourceTree = "<group>";
		};
		3E30BEF9212221D100B6B822 /* SWAPI-Species */ = {
			isa = PBXGroup;
			children = (
				3E30BEFA212221D100B6B822 /* AppDelegate.swift */,
				3E30BF0C2122221300B6B822 /* Species.swift */,
				3E30BEFC212221D100B6B822 /* ViewController.swift */,
				3E30BEFE212221D100B6B822 /* Main.storyboard */,
				3E30BF01212221D300B6B822 /* Assets.xcassets */,
				3E30BF03212221D300B6B822 /* LaunchScreen.storyboard */,
				3E30BF06212221D300B6B822 /* Info.plist */,
			);
			path = "SWAPI-Species";
			sourceTree = "<group>";
		};
		BC848709E93B94028BE57F43 /* Pods */ = {
			isa = PBXGroup;
			children = (
				4DD37E8CB17BE0296B8E19DF /* Pods-SWAPI-Species.debug.xcconfig */,
				2342F24D34B2F8F610D4184D /* Pods-SWAPI-Species.release.xcconfig */,
			);
			name = Pods;
			sourceTree = "<group>";
		};
/* End PBXGroup section */

/* Begin PBXNativeTarget section */
		3E30BEF6212221D100B6B822 /* SWAPI-Species */ = {
			isa = PBXNativeTarget;
			buildConfigurationList = 3E30BF09212221D300B6B822 /* Build configuration list for PBXNativeTarget "SWAPI-Species" */;
			buildPhases = (
				FB3DED812127065BE6E29CC7 /* [CP] Check Pods Manifest.lock */,
				3E30BEF3212221D100B6B822 /* Sources */,
				3E30BEF4212221D100B6B822 /* Frameworks */,
				3E30BEF5212221D100B6B822 /* Resources */,
				68EB5A941BAC08AF133B446D /* [CP] Embed Pods Frameworks */,
			);
			buildRules = (
			);
			dependencies = (
			);
			name = "SWAPI-Species";
			productName = "SWAPI-Species";
			productReference = 3E30BEF7212221D100B6B822 /* SWAPI-Species.app */;
			productType = "com.apple.product-type.application";
		};
/* End PBXNativeTarget section */

/* Begin PBXProject section */
		3E30BEEF212221D100B6B822 /* Project object */ = {
			isa = PBXProject;
			attributes = {
				LastSwiftUpdateCheck = 1000;
				LastUpgradeCheck = 1000;
				ORGANIZATIONNAME = "John Gallaugher";
				TargetAttributes = {
					3E30BEF6212221D100B6B822 = {
						CreatedOnToolsVersion = 10.0;
					};
				};
			};
			buildConfigurationList = 3E30BEF2212221D100B6B822 /* Build configuration list for PBXProject "SWAPI-Species" */;
			compatibilityVersion = "Xcode 9.3";
			developmentRegion = en;
			hasScannedForEncodings = 0;
			knownRegions = (
				en,
				Base,
			);
			mainGroup = 3E30BEEE212221D100B6B822;
			productRefGroup = 3E30BEF8212221D100B6B822 /* Products */;
			projectDirPath = "";
			projectRoot = "";
			targets = (
				3E30BEF6212221D100B6B822 /* SWAPI-Species */,
			);
		};
/* End PBXProject section */

/* Begin PBXResourcesBuildPhase section */
		3E30BEF5212221D100B6B822 /* Resources */ = {
			isa = PBXResourcesBuildPhase;
			buildActionMask = 2147483647;
			files = (
				3E30BF05212221D300B6B822 /* LaunchScreen.storyboard in Resources */,
				3E30BF02212221D300B6B822 /* Assets.xcassets in Resources */,
				3E30BF00212221D100B6B822 /* Main.storyboard in Resources */,
			);
			runOnlyForDeploymentPostprocessing = 0;
		};
/* End PBXResourcesBuildPhase section */

/* Begin PBXShellScriptBuildPhase section */
		68EB5A941BAC08AF133B446D /* [CP] Embed Pods Frameworks */ = {
			isa = PBXShellScriptBuildPhase;
			buildActionMask = 2147483647;
			files = (
			);
			inputPaths = (
				"${SRCROOT}/Pods/Target Support Files/Pods-SWAPI-Species/Pods-SWAPI-Species-frameworks.sh",
				"${BUILT_PRODUCTS_DIR}/Alamofire/Alamofire.framework",
				"${BUILT_PRODUCTS_DIR}/SwiftyJSON/SwiftyJSON.framework",
			);
			name = "[CP] Embed Pods Frameworks";
			outputPaths = (
				"${TARGET_BUILD_DIR}/${FRAMEWORKS_FOLDER_PATH}/Alamofire.framework",
				"${TARGET_BUILD_DIR}/${FRAMEWORKS_FOLDER_PATH}/SwiftyJSON.framework",
			);
			runOnlyForDeploymentPostprocessing = 0;
			shellPath = /bin/sh;
			shellScript = "\"${SRCROOT}/Pods/Target Support Files/Pods-SWAPI-Species/Pods-SWAPI-Species-frameworks.sh\"\n";
			showEnvVarsInLog = 0;
		};
		FB3DED812127065BE6E29CC7 /* [CP] Check Pods Manifest.lock */ = {
			isa = PBXShellScriptBuildPhase;
			buildActionMask = 2147483647;
			files = (
			);
			inputPaths = (
				"${PODS_PODFILE_DIR_PATH}/Podfile.lock",
				"${PODS_ROOT}/Manifest.lock",
			);
			name = "[CP] Check Pods Manifest.lock";
			outputPaths = (
				"$(DERIVED_FILE_DIR)/Pods-SWAPI-Species-checkManifestLockResult.txt",
			);
			runOnlyForDeploymentPostprocessing = 0;
			shellPath = /bin/sh;
			shellScript = "diff \"${PODS_PODFILE_DIR_PATH}/Podfile.lock\" \"${PODS_ROOT}/Manifest.lock\" > /dev/null\nif [ $? != 0 ] ; then\n    # print error to STDERR\n    echo \"error: The sandbox is not in sync with the Podfile.lock. Run 'pod install' or update your CocoaPods installation.\" >&2\n    exit 1\nfi\n# This output is used by Xcode 'outputs' to avoid re-running this script phase.\necho \"SUCCESS\" > \"${SCRIPT_OUTPUT_FILE_0}\"\n";
			showEnvVarsInLog = 0;
		};
/* End PBXShellScriptBuildPhase section */

/* Begin PBXSourcesBuildPhase section */
		3E30BEF3212221D100B6B822 /* Sources */ = {
			isa = PBXSourcesBuildPhase;
			buildActionMask = 2147483647;
			files = (
				3E30BEFD212221D100B6B822 /* ViewController.swift in Sources */,
				3E30BF0D2122221300B6B822 /* Species.swift in Sources */,
				3E30BEFB212221D100B6B822 /* AppDelegate.swift in Sources */,
			);
			runOnlyForDeploymentPostprocessing = 0;
		};
/* End PBXSourcesBuildPhase section */

/* Begin PBXVariantGroup section */
		3E30BEFE212221D100B6B822 /* Main.storyboard */ = {
			isa = PBXVariantGroup;
			children = (
				3E30BEFF212221D100B6B822 /* Base */,
			);
			name = Main.storyboard;
			sourceTree = "<group>";
		};
		3E30BF03212221D300B6B822 /* LaunchScreen.storyboard */ = {
			isa = PBXVariantGroup;
			children = (
				3E30BF04212221D300B6B822 /* Base */,
			);
			name = LaunchScreen.storyboard;
			sourceTree = "<group>";
		};
/* End PBXVariantGroup section */

/* Begin XCBuildConfiguration section */
		3E30BF07212221D300B6B822 /* Debug */ = {
			isa = XCBuildConfiguration;
			buildSettings = {
				ALWAYS_SEARCH_USER_PATHS = NO;
				CLANG_ANALYZER_NONNULL = YES;
				CLANG_ANALYZER_NUMBER_OBJECT_CONVERSION = YES_AGGRESSIVE;
				CLANG_CXX_LANGUAGE_STANDARD = "gnu++14";
				CLANG_CXX_LIBRARY = "libc++";
				CLANG_ENABLE_MODULES = YES;
				CLANG_ENABLE_OBJC_ARC = YES;
				CLANG_ENABLE_OBJC_WEAK = YES;
				CLANG_WARN_BLOCK_CAPTURE_AUTORELEASING = YES;
				CLANG_WARN_BOOL_CONVERSION = YES;
				CLANG_WARN_COMMA = YES;
				CLANG_WARN_CONSTANT_CONVERSION = YES;
				CLANG_WARN_DEPRECATED_OBJC_IMPLEMENTATIONS = YES;
				CLANG_WARN_DIRECT_OBJC_ISA_USAGE = YES_ERROR;
				CLANG_WARN_DOCUMENTATION_COMMENTS = YES;
				CLANG_WARN_EMPTY_BODY = YES;
				CLANG_WARN_ENUM_CONVERSION = YES;
				CLANG_WARN_INFINITE_RECURSION = YES;
				CLANG_WARN_INT_CONVERSION = YES;
				CLANG_WARN_NON_LITERAL_NULL_CONVERSION = YES;
				CLANG_WARN_OBJC_IMPLICIT_RETAIN_SELF = YES;
				CLANG_WARN_OBJC_LITERAL_CONVERSION = YES;
				CLANG_WARN_OBJC_ROOT_CLASS = YES_ERROR;
				CLANG_WARN_RANGE_LOOP_ANALYSIS = YES;
				CLANG_WARN_STRICT_PROTOTYPES = YES;
				CLANG_WARN_SUSPICIOUS_MOVE = YES;
				CLANG_WARN_UNGUARDED_AVAILABILITY = YES_AGGRESSIVE;
				CLANG_WARN_UNREACHABLE_CODE = YES;
				CLANG_WARN__DUPLICATE_METHOD_MATCH = YES;
				CODE_SIGN_IDENTITY = "iPhone Developer";
				COPY_PHASE_STRIP = NO;
				DEBUG_INFORMATION_FORMAT = dwarf;
				ENABLE_STRICT_OBJC_MSGSEND = YES;
				ENABLE_TESTABILITY = YES;
				GCC_C_LANGUAGE_STANDARD = gnu11;
				GCC_DYNAMIC_NO_PIC = NO;
				GCC_NO_COMMON_BLOCKS = YES;
				GCC_OPTIMIZATION_LEVEL = 0;
				GCC_PREPROCESSOR_DEFINITIONS = (
					"DEBUG=1",
					"$(inherited)",
				);
				GCC_WARN_64_TO_32_BIT_CONVERSION = YES;
				GCC_WARN_ABOUT_RETURN_TYPE = YES_ERROR;
				GCC_WARN_UNDECLARED_SELECTOR = YES;
				GCC_WARN_UNINITIALIZED_AUTOS = YES_AGGRESSIVE;
				GCC_WARN_UNUSED_FUNCTION = YES;
				GCC_WARN_UNUSED_VARIABLE = YES;
				IPHONEOS_DEPLOYMENT_TARGET = 12.0;
				MTL_ENABLE_DEBUG_INFO = INCLUDE_SOURCE;
				MTL_FAST_MATH = YES;
				ONLY_ACTIVE_ARCH = YES;
				SDKROOT = iphoneos;
				SWIFT_ACTIVE_COMPILATION_CONDITIONS = DEBUG;
				SWIFT_OPTIMIZATION_LEVEL = "-Onone";
			};
			name = Debug;
		};
		3E30BF08212221D300B6B822 /* Release */ = {
			isa = XCBuildConfiguration;
			buildSettings = {
				ALWAYS_SEARCH_USER_PATHS = NO;
				CLANG_ANALYZER_NONNULL = YES;
				CLANG_ANALYZER_NUMBER_OBJECT_CONVERSION = YES_AGGRESSIVE;
				CLANG_CXX_LANGUAGE_STANDARD = "gnu++14";
				CLANG_CXX_LIBRARY = "libc++";
				CLANG_ENABLE_MODULES = YES;
				CLANG_ENABLE_OBJC_ARC = YES;
				CLANG_ENABLE_OBJC_WEAK = YES;
				CLANG_WARN_BLOCK_CAPTURE_AUTORELEASING = YES;
				CLANG_WARN_BOOL_CONVERSION = YES;
				CLANG_WARN_COMMA = YES;
				CLANG_WARN_CONSTANT_CONVERSION = YES;
				CLANG_WARN_DEPRECATED_OBJC_IMPLEMENTATIONS = YES;
				CLANG_WARN_DIRECT_OBJC_ISA_USAGE = YES_ERROR;
				CLANG_WARN_DOCUMENTATION_COMMENTS = YES;
				CLANG_WARN_EMPTY_BODY = YES;
				CLANG_WARN_ENUM_CONVERSION = YES;
				CLANG_WARN_INFINITE_RECURSION = YES;
				CLANG_WARN_INT_CONVERSION = YES;
				CLANG_WARN_NON_LITERAL_NULL_CONVERSION = YES;
				CLANG_WARN_OBJC_IMPLICIT_RETAIN_SELF = YES;
				CLANG_WARN_OBJC_LITERAL_CONVERSION = YES;
				CLANG_WARN_OBJC_ROOT_CLASS = YES_ERROR;
				CLANG_WARN_RANGE_LOOP_ANALYSIS = YES;
				CLANG_WARN_STRICT_PROTOTYPES = YES;
				CLANG_WARN_SUSPICIOUS_MOVE = YES;
				CLANG_WARN_UNGUARDED_AVAILABILITY = YES_AGGRESSIVE;
				CLANG_WARN_UNREACHABLE_CODE = YES;
				CLANG_WARN__DUPLICATE_METHOD_MATCH = YES;
				CODE_SIGN_IDENTITY = "iPhone Developer";
				COPY_PHASE_STRIP = NO;
				DEBUG_INFORMATION_FORMAT = "dwarf-with-dsym";
				ENABLE_NS_ASSERTIONS = NO;
				ENABLE_STRICT_OBJC_MSGSEND = YES;
				GCC_C_LANGUAGE_STANDARD = gnu11;
				GCC_NO_COMMON_BLOCKS = YES;
				GCC_WARN_64_TO_32_BIT_CONVERSION = YES;
				GCC_WARN_ABOUT_RETURN_TYPE = YES_ERROR;
				GCC_WARN_UNDECLARED_SELECTOR = YES;
				GCC_WARN_UNINITIALIZED_AUTOS = YES_AGGRESSIVE;
				GCC_WARN_UNUSED_FUNCTION = YES;
				GCC_WARN_UNUSED_VARIABLE = YES;
				IPHONEOS_DEPLOYMENT_TARGET = 12.0;
				MTL_ENABLE_DEBUG_INFO = NO;
				MTL_FAST_MATH = YES;
				SDKROOT = iphoneos;
				SWIFT_COMPILATION_MODE = wholemodule;
				SWIFT_OPTIMIZATION_LEVEL = "-O";
				VALIDATE_PRODUCT = YES;
			};
			name = Release;
		};
		3E30BF0A212221D300B6B822 /* Debug */ = {
			isa = XCBuildConfiguration;
			baseConfigurationReference = 4DD37E8CB17BE0296B8E19DF /* Pods-SWAPI-Species.debug.xcconfig */;
			buildSettings = {
				ASSETCATALOG_COMPILER_APPICON_NAME = AppIcon;
				CODE_SIGN_STYLE = Automatic;
				DEVELOPMENT_TEAM = 9937BJYLPH;
				INFOPLIST_FILE = "SWAPI-Species/Info.plist";
				LD_RUNPATH_SEARCH_PATHS = (
					"$(inherited)",
					"@executable_path/Frameworks",
				);
				PRODUCT_BUNDLE_IDENTIFIER = "com.gallaugher.SWAPI-Species";
				PRODUCT_NAME = "$(TARGET_NAME)";
				SWIFT_VERSION = 4.2;
				TARGETED_DEVICE_FAMILY = "1,2";
			};
			name = Debug;
		};
		3E30BF0B212221D300B6B822 /* Release */ = {
			isa = XCBuildConfiguration;
			baseConfigurationReference = 2342F24D34B2F8F610D4184D /* Pods-SWAPI-Species.release.xcconfig */;
			buildSettings = {
				ASSETCATALOG_COMPILER_APPICON_NAME = AppIcon;
				CODE_SIGN_STYLE = Automatic;
				DEVELOPMENT_TEAM = 9937BJYLPH;
				INFOPLIST_FILE = "SWAPI-Species/Info.plist";
				LD_RUNPATH_SEARCH_PATHS = (
					"$(inherited)",
					"@executable_path/Frameworks",
				);
				PRODUCT_BUNDLE_IDENTIFIER = "com.gallaugher.SWAPI-Species";
				PRODUCT_NAME = "$(TARGET_NAME)";
				SWIFT_VERSION = 4.2;
				TARGETED_DEVICE_FAMILY = "1,2";
			};
			name = Release;
		};
/* End XCBuildConfiguration section */

/* Begin XCConfigurationList section */
		3E30BEF2212221D100B6B822 /* Build configuration list for PBXProject "SWAPI-Species" */ = {
			isa = XCConfigurationList;
			buildConfigurations = (
				3E30BF07212221D300B6B822 /* Debug */,
				3E30BF08212221D300B6B822 /* Release */,
			);
			defaultConfigurationIsVisible = 0;
			defaultConfigurationName = Release;
		};
		3E30BF09212221D300B6B822 /* Build configuration list for PBXNativeTarget "SWAPI-Species" */ = {
			isa = XCConfigurationList;
			buildConfigurations = (
				3E30BF0A212221D300B6B822 /* Debug */,
				3E30BF0B212221D300B6B822 /* Release */,
			);
			defaultConfigurationIsVisible = 0;
			defaultConfigurationName = Release;
		};
/* End XCConfigurationList section */
	};
	rootObject = 3E30BEEF212221D100B6B822 /* Project object */;
}
